{
  "requires": true,
  "lockfileVersion": 1,
  "dependencies": {
    "convert-csv-to-array": {
      "version": "1.0.1",
      "resolved": "https://registry.npmjs.org/convert-csv-to-array/-/convert-csv-to-array-1.0.1.tgz",
      "integrity": "sha512-bfwI6Z7NSgLrR9fF65UcYKs1BH9jmfOXtFQOjzZLtBmwSA+gGCqzWRoqocZMCre1UqsXPZjR0UG/tN7VaXt0gA==",
      "requires": {
        "convert-string-to-number": "1.0.3"
      }
    },
    "convert-string-to-number": {
      "version": "1.0.3",
      "resolved": "https://registry.npmjs.org/convert-string-to-number/-/convert-string-to-number-1.0.3.tgz",
      "integrity": "sha512-ZvP2/ob7UvvC6s7euMDU2JXYz1dTdBXS8QvOgCPOiGHHYNsKcJ/WZUui3wL0vngXRfM7/3QSFF2PZWlPjgKeUA=="
    },
    "csv": {
      "version": "5.0.1",
      "resolved": "https://registry.npmjs.org/csv/-/csv-5.0.1.tgz",
      "integrity": "sha512-dYvwQKgtQ9+3Ek1FLqpnnfF/AZ3W0KNhPhyKzPHtJhHt3JTZ7fs1wWvJVyOTj3rweMK8ugfNzMY9ho4I6HWbTQ==",
      "requires": {
        "csv-generate": "3.2.0",
        "csv-parse": "4.2.0",
        "csv-stringify": "5.1.2",
        "stream-transform": "1.0.8"
      }
    },
    "csv-array": {
      "version": "0.0.22",
      "resolved": "https://registry.npmjs.org/csv-array/-/csv-array-0.0.22.tgz",
      "integrity": "sha1-KnbcQ+nyWG4yt7OfeF6UpF6cH3s=",
      "requires": {
        "fs": "0.0.2",
        "line-by-line": "0.1.6"
      }
    },
    "csv-generate": {
      "version": "3.2.0",
      "resolved": "https://registry.npmjs.org/csv-generate/-/csv-generate-3.2.0.tgz",
      "integrity": "sha512-ZdS2KrgoLxm1guL9XhuaZX223Tiorldvl9QC0M/gihcrJavNDokAp/rX3CyyRHpK+rImxEE3L47cHe7npQMkkg=="
    },
    "csv-parse": {
      "version": "4.2.0",
      "resolved": "https://registry.npmjs.org/csv-parse/-/csv-parse-4.2.0.tgz",
      "integrity": "sha512-t8KGN+ZKIYUUqXznAIZ723KI3IBILImjhN8VUfAod/VCtn/IpW3R24PYCxl81g4/z4R9DruTVyvavyiw2VRLgw=="
    },
    "csv-stringify": {
      "version": "5.1.2",
      "resolved": "https://registry.npmjs.org/csv-stringify/-/csv-stringify-5.1.2.tgz",
      "integrity": "sha512-rvNEMy8IwVe/gnCjnF4a/3cxKPm8oaAZEBB8RIzlx9HcNrLrn3NlgacUIFZBRH86tKF76WVA13nkFF0mX7G2EQ==",
      "requires": {
        "lodash.get": "4.4.2"
      }
    },
    "fs": {
      "version": "0.0.2",
      "resolved": "https://registry.npmjs.org/fs/-/fs-0.0.2.tgz",
      "integrity": "sha1-4fJE7zkzwbKmS9R5kTYGDQ9ZFPg="
    },
    "http": {
      "version": "0.0.0",
      "resolved": "https://registry.npmjs.org/http/-/http-0.0.0.tgz",
      "integrity": "sha1-huYybSnF0Dnen6xYSkVon5KfT3I="
    },
    "https": {
      "version": "1.0.0",
      "resolved": "https://registry.npmjs.org/https/-/https-1.0.0.tgz",
      "integrity": "sha1-PDfHrhqO65ZpBKKtHpdaGUt+06Q="
    },
    "line-by-line": {
      "version": "0.1.6",
      "resolved": "https://registry.npmjs.org/line-by-line/-/line-by-line-0.1.6.tgz",
      "integrity": "sha512-MmwVPfOyp0lWnEZ3fBA8Ah4pMFvxO6WgWovqZNu7Y4J0TNnGcsV4S1LzECHbdgqk1hoHc2mFP1Axc37YUqwafg=="
    },
    "lodash.get": {
      "version": "4.4.2",
      "resolved": "https://registry.npmjs.org/lodash.get/-/lodash.get-4.4.2.tgz",
      "integrity": "sha1-LRd/ZS+jHpObRDjVNBSZ36OCXpk="
    },
    "status-check": {
      "version": "0.0.17",
      "resolved": "https://registry.npmjs.org/status-check/-/status-check-0.0.17.tgz",
      "integrity": "sha1-lDScOZo97ENOJNy0SfBNc0mtwSc=",
      "requires": {
        "csv-array": "0.0.2",
        "http": "0.0.0",
        "https": "1.0.0"
      },
      "dependencies": {
        "csv-array": {
          "version": "0.0.2",
          "resolved": "https://registry.npmjs.org/csv-array/-/csv-array-0.0.2.tgz",
          "integrity": "sha1-5A4S1YPVLrMwcEEwI4xZSjvGj7k=",
          "requires": {
            "line-by-line": "0.1.6"
          }
        }
      }
    },
    "stream-transform": {
      "version": "1.0.8",
      "resolved": "https://registry.npmjs.org/stream-transform/-/stream-transform-1.0.8.tgz",
      "integrity": "sha512-1q+dL790Ps0NV33rISMq9OLtfDA9KMJZdo1PHZXE85orrWsM4FAh8CVyAOTHO0rhyeM138KNPngBPrx33bFsxw=="
    }
  }
}
